// !$*UTF8*$!
{
	archiveVersion = 1;
	classes = {
	};
	objectVersion = 46;
	objects = {

/* Begin PBXBuildFile section */
		443A9C5C18FB0DBD00473F63 /* Foundation.framework in Frameworks */ = {isa = PBXBuildFile; fileRef = 443A9C5B18FB0DBD00473F63 /* Foundation.framework */; };
		443A9C5E18FB0DBD00473F63 /* CoreGraphics.framework in Frameworks */ = {isa = PBXBuildFile; fileRef = 443A9C5D18FB0DBD00473F63 /* CoreGraphics.framework */; };
		443A9C6018FB0DBD00473F63 /* UIKit.framework in Frameworks */ = {isa = PBXBuildFile; fileRef = 443A9C5F18FB0DBD00473F63 /* UIKit.framework */; };
		443A9C6618FB0DBD00473F63 /* InfoPlist.strings in Resources */ = {isa = PBXBuildFile; fileRef = 443A9C6418FB0DBD00473F63 /* InfoPlist.strings */; };
		443A9C6818FB0DBD00473F63 /* main.m in Sources */ = {isa = PBXBuildFile; fileRef = 443A9C6718FB0DBD00473F63 /* main.m */; };
		443A9C6C18FB0DBD00473F63 /* RDHAppDelegate.m in Sources */ = {isa = PBXBuildFile; fileRef = 443A9C6B18FB0DBD00473F63 /* RDHAppDelegate.m */; };
		443A9C6E18FB0DBD00473F63 /* Images.xcassets in Resources */ = {isa = PBXBuildFile; fileRef = 443A9C6D18FB0DBD00473F63 /* Images.xcassets */; };
		443A9C7518FB0DBD00473F63 /* XCTest.framework in Frameworks */ = {isa = PBXBuildFile; fileRef = 443A9C7418FB0DBD00473F63 /* XCTest.framework */; };
		443A9C7618FB0DBD00473F63 /* Foundation.framework in Frameworks */ = {isa = PBXBuildFile; fileRef = 443A9C5B18FB0DBD00473F63 /* Foundation.framework */; };
		443A9C7718FB0DBD00473F63 /* UIKit.framework in Frameworks */ = {isa = PBXBuildFile; fileRef = 443A9C5F18FB0DBD00473F63 /* UIKit.framework */; };
		443A9C7F18FB0DBD00473F63 /* InfoPlist.strings in Resources */ = {isa = PBXBuildFile; fileRef = 443A9C7D18FB0DBD00473F63 /* InfoPlist.strings */; };
		443A9C8118FB0DBD00473F63 /* XctoolReporterTestTests.m in Sources */ = {isa = PBXBuildFile; fileRef = 443A9C8018FB0DBD00473F63 /* XctoolReporterTestTests.m */; };
/* End PBXBuildFile section */

/* Begin PBXContainerItemProxy section */
		443A9C7818FB0DBD00473F63 /* PBXContainerItemProxy */ = {
			isa = PBXContainerItemProxy;
			containerPortal = 443A9C5018FB0DBD00473F63 /* Project object */;
			proxyType = 1;
			remoteGlobalIDString = 443A9C5718FB0DBD00473F63;
			remoteInfo = XctoolReporterTest;
		};
/* End PBXContainerItemProxy section */

/* Begin PBXFileReference section */
		443A9C5818FB0DBD00473F63 /* XctoolReporterTest.app */ = {isa = PBXFileReference; explicitFileType = wrapper.application; includeInIndex = 0; path = XctoolReporterTest.app; sourceTree = BUILT_PRODUCTS_DIR; };
		443A9C5B18FB0DBD00473F63 /* Foundation.framework */ = {isa = PBXFileReference; lastKnownFileType = wrapper.framework; name = Foundation.framework; path = System/Library/Frameworks/Foundation.framework; sourceTree = SDKROOT; };
		443A9C5D18FB0DBD00473F63 /* CoreGraphics.framework */ = {isa = PBXFileReference; lastKnownFileType = wrapper.framework; name = CoreGraphics.framework; path = System/Library/Frameworks/CoreGraphics.framework; sourceTree = SDKROOT; };
		443A9C5F18FB0DBD00473F63 /* UIKit.framework */ = {isa = PBXFileReference; lastKnownFileType = wrapper.framework; name = UIKit.framework; path = System/Library/Frameworks/UIKit.framework; sourceTree = SDKROOT; };
		443A9C6318FB0DBD00473F63 /* XctoolReporterTest-Info.plist */ = {isa = PBXFileReference; lastKnownFileType = text.plist.xml; path = "XctoolReporterTest-Info.plist"; sourceTree = "<group>"; };
		443A9C6518FB0DBD00473F63 /* en */ = {isa = PBXFileReference; lastKnownFileType = text.plist.strings; name = en; path = en.lproj/InfoPlist.strings; sourceTree = "<group>"; };
		443A9C6718FB0DBD00473F63 /* main.m */ = {isa = PBXFileReference; lastKnownFileType = sourcecode.c.objc; path = main.m; sourceTree = "<group>"; };
		443A9C6918FB0DBD00473F63 /* XctoolReporterTest-Prefix.pch */ = {isa = PBXFileReference; lastKnownFileType = sourcecode.c.h; path = "XctoolReporterTest-Prefix.pch"; sourceTree = "<group>"; };
		443A9C6A18FB0DBD00473F63 /* RDHAppDelegate.h */ = {isa = PBXFileReference; lastKnownFileType = sourcecode.c.h; path = RDHAppDelegate.h; sourceTree = "<group>"; };
		443A9C6B18FB0DBD00473F63 /* RDHAppDelegate.m */ = {isa = PBXFileReference; lastKnownFileType = sourcecode.c.objc; path = RDHAppDelegate.m; sourceTree = "<group>"; };
		443A9C6D18FB0DBD00473F63 /* Images.xcassets */ = {isa = PBXFileReference; lastKnownFileType = folder.assetcatalog; path = Images.xcassets; sourceTree = "<group>"; };
		443A9C7318FB0DBD00473F63 /* XctoolReporterTestTests.xctest */ = {isa = PBXFileReference; explicitFileType = wrapper.cfbundle; includeInIndex = 0; path = XctoolReporterTestTests.xctest; sourceTree = BUILT_PRODUCTS_DIR; };
		443A9C7418FB0DBD00473F63 /* XCTest.framework */ = {isa = PBXFileReference; lastKnownFileType = wrapper.framework; name = XCTest.framework; path = Library/Frameworks/XCTest.framework; sourceTree = DEVELOPER_DIR; };
		443A9C7C18FB0DBD00473F63 /* XctoolReporterTestTests-Info.plist */ = {isa = PBXFileReference; lastKnownFileType = text.plist.xml; path = "XctoolReporterTestTests-Info.plist"; sourceTree = "<group>"; };
		443A9C7E18FB0DBD00473F63 /* en */ = {isa = PBXFileReference; lastKnownFileType = text.plist.strings; name = en; path = en.lproj/InfoPlist.strings; sourceTree = "<group>"; };
		443A9C8018FB0DBD00473F63 /* XctoolReporterTestTests.m */ = {isa = PBXFileReference; lastKnownFileType = sourcecode.c.objc; path = XctoolReporterTestTests.m; sourceTree = "<group>"; };
/* End PBXFileReference section */

/* Begin PBXFrameworksBuildPhase section */
		443A9C5518FB0DBD00473F63 /* Frameworks */ = {
			isa = PBXFrameworksBuildPhase;
			buildActionMask = 2147483647;
			files = (
				443A9C5E18FB0DBD00473F63 /* CoreGraphics.framework in Frameworks */,
				443A9C6018FB0DBD00473F63 /* UIKit.framework in Frameworks */,
				443A9C5C18FB0DBD00473F63 /* Foundation.framework in Frameworks */,
			);
			runOnlyForDeploymentPostprocessing = 0;
		};
		443A9C7018FB0DBD00473F63 /* Frameworks */ = {
			isa = PBXFrameworksBuildPhase;
			buildActionMask = 2147483647;
			files = (
				443A9C7518FB0DBD00473F63 /* XCTest.framework in Frameworks */,
				443A9C7718FB0DBD00473F63 /* UIKit.framework in Frameworks */,
				443A9C7618FB0DBD00473F63 /* Foundation.framework in Frameworks */,
			);
			runOnlyForDeploymentPostprocessing = 0;
		};
/* End PBXFrameworksBuildPhase section */

/* Begin PBXGroup section */
		443A9C4F18FB0DBD00473F63 = {
			isa = PBXGroup;
			children = (
				443A9C6118FB0DBD00473F63 /* XctoolReporterTest */,
				443A9C7A18FB0DBD00473F63 /* XctoolReporterTestTests */,
				443A9C5A18FB0DBD00473F63 /* Frameworks */,
				443A9C5918FB0DBD00473F63 /* Products */,
			);
			sourceTree = "<group>";
		};
		443A9C5918FB0DBD00473F63 /* Products */ = {
			isa = PBXGroup;
			children = (
				443A9C5818FB0DBD00473F63 /* XctoolReporterTest.app */,
				443A9C7318FB0DBD00473F63 /* XctoolReporterTestTests.xctest */,
			);
			name = Products;
			sourceTree = "<group>";
		};
		443A9C5A18FB0DBD00473F63 /* Frameworks */ = {
			isa = PBXGroup;
			children = (
				443A9C5B18FB0DBD00473F63 /* Foundation.framework */,
				443A9C5D18FB0DBD00473F63 /* CoreGraphics.framework */,
				443A9C5F18FB0DBD00473F63 /* UIKit.framework */,
				443A9C7418FB0DBD00473F63 /* XCTest.framework */,
			);
			name = Frameworks;
			sourceTree = "<group>";
		};
		443A9C6118FB0DBD00473F63 /* XctoolReporterTest */ = {
			isa = PBXGroup;
			children = (
				443A9C6A18FB0DBD00473F63 /* RDHAppDelegate.h */,
				443A9C6B18FB0DBD00473F63 /* RDHAppDelegate.m */,
				443A9C6D18FB0DBD00473F63 /* Images.xcassets */,
				443A9C6218FB0DBD00473F63 /* Supporting Files */,
			);
			path = XctoolReporterTest;
			sourceTree = "<group>";
		};
		443A9C6218FB0DBD00473F63 /* Supporting Files */ = {
			isa = PBXGroup;
			children = (
				443A9C6318FB0DBD00473F63 /* XctoolReporterTest-Info.plist */,
				443A9C6418FB0DBD00473F63 /* InfoPlist.strings */,
				443A9C6718FB0DBD00473F63 /* main.m */,
				443A9C6918FB0DBD00473F63 /* XctoolReporterTest-Prefix.pch */,
			);
			name = "Supporting Files";
			sourceTree = "<group>";
		};
		443A9C7A18FB0DBD00473F63 /* XctoolReporterTestTests */ = {
			isa = PBXGroup;
			children = (
				443A9C8018FB0DBD00473F63 /* XctoolReporterTestTests.m */,
				443A9C7B18FB0DBD00473F63 /* Supporting Files */,
			);
			path = XctoolReporterTestTests;
			sourceTree = "<group>";
		};
		443A9C7B18FB0DBD00473F63 /* Supporting Files */ = {
			isa = PBXGroup;
			children = (
				443A9C7C18FB0DBD00473F63 /* XctoolReporterTestTests-Info.plist */,
				443A9C7D18FB0DBD00473F63 /* InfoPlist.strings */,
			);
			name = "Supporting Files";
			sourceTree = "<group>";
		};
/* End PBXGroup section */

/* Begin PBXNativeTarget section */
		443A9C5718FB0DBD00473F63 /* XctoolReporterTest */ = {
			isa = PBXNativeTarget;
			buildConfigurationList = 443A9C8418FB0DBD00473F63 /* Build configuration list for PBXNativeTarget "XctoolReporterTest" */;
			buildPhases = (
				443A9C5418FB0DBD00473F63 /* Sources */,
				443A9C5518FB0DBD00473F63 /* Frameworks */,
				443A9C5618FB0DBD00473F63 /* Resources */,
			);
			buildRules = (
			);
			dependencies = (
			);
			name = XctoolReporterTest;
			productName = XctoolReporterTest;
			productReference = 443A9C5818FB0DBD00473F63 /* XctoolReporterTest.app */;
			productType = "com.apple.product-type.application";
		};
		443A9C7218FB0DBD00473F63 /* XctoolReporterTestTests */ = {
			isa = PBXNativeTarget;
			buildConfigurationList = 443A9C8718FB0DBD00473F63 /* Build configuration list for PBXNativeTarget "XctoolReporterTestTests" */;
			buildPhases = (
				443A9C6F18FB0DBD00473F63 /* Sources */,
				443A9C7018FB0DBD00473F63 /* Frameworks */,
				443A9C7118FB0DBD00473F63 /* Resources */,
			);
			buildRules = (
			);
			dependencies = (
				443A9C7918FB0DBD00473F63 /* PBXTargetDependency */,
			);
			name = XctoolReporterTestTests;
			productName = XctoolReporterTestTests;
			productReference = 443A9C7318FB0DBD00473F63 /* XctoolReporterTestTests.xctest */;
			productType = "com.apple.product-type.bundle.unit-test";
		};
/* End PBXNativeTarget section */

/* Begin PBXProject section */
		443A9C5018FB0DBD00473F63 /* Project object */ = {
			isa = PBXProject;
			attributes = {
				CLASSPREFIX = RDH;
				LastUpgradeCheck = 0510;
				ORGANIZATIONNAME = "Rich H";
				TargetAttributes = {
					443A9C7218FB0DBD00473F63 = {
						TestTargetID = 443A9C5718FB0DBD00473F63;
					};
				};
			};
			buildConfigurationList = 443A9C5318FB0DBD00473F63 /* Build configuration list for PBXProject "XctoolReporterTest" */;
			compatibilityVersion = "Xcode 3.2";
			developmentRegion = English;
			hasScannedForEncodings = 0;
			knownRegions = (
				en,
			);
			mainGroup = 443A9C4F18FB0DBD00473F63;
			productRefGroup = 443A9C5918FB0DBD00473F63 /* Products */;
			projectDirPath = "";
			projectRoot = "";
			targets = (
				443A9C5718FB0DBD00473F63 /* XctoolReporterTest */,
				443A9C7218FB0DBD00473F63 /* XctoolReporterTestTests */,
			);
		};
/* End PBXProject section */

/* Begin PBXResourcesBuildPhase section */
		443A9C5618FB0DBD00473F63 /* Resources */ = {
			isa = PBXResourcesBuildPhase;
			buildActionMask = 2147483647;
			files = (
				443A9C6618FB0DBD00473F63 /* InfoPlist.strings in Resources */,
				443A9C6E18FB0DBD00473F63 /* Images.xcassets in Resources */,
			);
			runOnlyForDeploymentPostprocessing = 0;
		};
		443A9C7118FB0DBD00473F63 /* Resources */ = {
			isa = PBXResourcesBuildPhase;
			buildActionMask = 2147483647;
			files = (
				443A9C7F18FB0DBD00473F63 /* InfoPlist.strings in Resources */,
			);
			runOnlyForDeploymentPostprocessing = 0;
		};
/* End PBXResourcesBuildPhase section */

/* Begin PBXSourcesBuildPhase section */
		443A9C5418FB0DBD00473F63 /* Sources */ = {
			isa = PBXSourcesBuildPhase;
			buildActionMask = 2147483647;
			files = (
				443A9C6818FB0DBD00473F63 /* main.m in Sources */,
				443A9C6C18FB0DBD00473F63 /* RDHAppDelegate.m in Sources */,
			);
			runOnlyForDeploymentPostprocessing = 0;
		};
		443A9C6F18FB0DBD00473F63 /* Sources */ = {
			isa = PBXSourcesBuildPhase;
			buildActionMask = 2147483647;
			files = (
				443A9C8118FB0DBD00473F63 /* XctoolReporterTestTests.m in Sources */,
			);
			runOnlyForDeploymentPostprocessing = 0;
		};
/* End PBXSourcesBuildPhase section */

/* Begin PBXTargetDependency section */
		443A9C7918FB0DBD00473F63 /* PBXTargetDependency */ = {
			isa = PBXTargetDependency;
			target = 443A9C5718FB0DBD00473F63 /* XctoolReporterTest */;
			targetProxy = 443A9C7818FB0DBD00473F63 /* PBXContainerItemProxy */;
		};
/* End PBXTargetDependency section */

/* Begin PBXVariantGroup section */
		443A9C6418FB0DBD00473F63 /* InfoPlist.strings */ = {
			isa = PBXVariantGroup;
			children = (
				443A9C6518FB0DBD00473F63 /* en */,
			);
			name = InfoPlist.strings;
			sourceTree = "<group>";
		};
		443A9C7D18FB0DBD00473F63 /* InfoPlist.strings */ = {
			isa = PBXVariantGroup;
			children = (
				443A9C7E18FB0DBD00473F63 /* en */,
			);
			name = InfoPlist.strings;
			sourceTree = "<group>";
		};
/* End PBXVariantGroup section */

/* Begin XCBuildConfiguration section */
		443A9C8218FB0DBD00473F63 /* Debug */ = {
			isa = XCBuildConfiguration;
			buildSettings = {
				ALWAYS_SEARCH_USER_PATHS = NO;
				CLANG_CXX_LANGUAGE_STANDARD = "gnu++0x";
				CLANG_CXX_LIBRARY = "libc++";
				CLANG_ENABLE_MODULES = YES;
				CLANG_ENABLE_OBJC_ARC = YES;
				CLANG_WARN_BOOL_CONVERSION = YES;
				CLANG_WARN_CONSTANT_CONVERSION = YES;
				CLANG_WARN_DIRECT_OBJC_ISA_USAGE = YES_ERROR;
				CLANG_WARN_EMPTY_BODY = YES;
				CLANG_WARN_ENUM_CONVERSION = YES;
				CLANG_WARN_INT_CONVERSION = YES;
				CLANG_WARN_OBJC_ROOT_CLASS = YES_ERROR;
				CLANG_WARN__DUPLICATE_METHOD_MATCH = YES;
				"CODE_SIGN_IDENTITY[sdk=iphoneos*]" = "iPhone Developer";
				COPY_PHASE_STRIP = NO;
				GCC_C_LANGUAGE_STANDARD = gnu99;
				GCC_DYNAMIC_NO_PIC = NO;
				GCC_OPTIMIZATION_LEVEL = 0;
				GCC_PREPROCESSOR_DEFINITIONS = (
					"DEBUG=1",
					"$(inherited)",
				);
				GCC_SYMBOLS_PRIVATE_EXTERN = NO;
				GCC_WARN_64_TO_32_BIT_CONVERSION = YES;
				GCC_WARN_ABOUT_RETURN_TYPE = YES_ERROR;
				GCC_WARN_UNDECLARED_SELECTOR = YES;
				GCC_WARN_UNINITIALIZED_AUTOS = YES_AGGRESSIVE;
				GCC_WARN_UNUSED_FUNCTION = YES;
				GCC_WARN_UNUSED_VARIABLE = YES;
				IPHONEOS_DEPLOYMENT_TARGET = 7.1;
				ONLY_ACTIVE_ARCH = YES;
				SDKROOT = iphoneos;
			};
			name = Debug;
		};
		443A9C8318FB0DBD00473F63 /* Release */ = {
			isa = XCBuildConfiguration;
			buildSettings = {
				ALWAYS_SEARCH_USER_PATHS = NO;
				CLANG_CXX_LANGUAGE_STANDARD = "gnu++0x";
				CLANG_CXX_LIBRARY = "libc++";
				CLANG_ENABLE_MODULES = YES;
				CLANG_ENABLE_OBJC_ARC = YES;
				CLANG_WARN_BOOL_CONVERSION = YES;
				CLANG_WARN_CONSTANT_CONVERSION = YES;
				CLANG_WARN_DIRECT_OBJC_ISA_USAGE = YES_ERROR;
				CLANG_WARN_EMPTY_BODY = YES;
				CLANG_WARN_ENUM_CONVERSION = YES;
				CLANG_WARN_INT_CONVERSION = YES;
				CLANG_WARN_OBJC_ROOT_CLASS = YES_ERROR;
				CLANG_WARN__DUPLICATE_METHOD_MATCH = YES;
				"CODE_SIGN_IDENTITY[sdk=iphoneos*]" = "iPhone Developer";
				COPY_PHASE_STRIP = YES;
				ENABLE_NS_ASSERTIONS = NO;
				GCC_C_LANGUAGE_STANDARD = gnu99;
				GCC_WARN_64_TO_32_BIT_CONVERSION = YES;
				GCC_WARN_ABOUT_RETURN_TYPE = YES_ERROR;
				GCC_WARN_UNDECLARED_SELECTOR = YES;
				GCC_WARN_UNINITIALIZED_AUTOS = YES_AGGRESSIVE;
				GCC_WARN_UNUSED_FUNCTION = YES;
				GCC_WARN_UNUSED_VARIABLE = YES;
				IPHONEOS_DEPLOYMENT_TARGET = 7.1;
				SDKROOT = iphoneos;
				VALIDATE_PRODUCT = YES;
			};
			name = Release;
		};
		443A9C8518FB0DBD00473F63 /* Debug */ = {
			isa = XCBuildConfiguration;
			buildSettings = {
				ASSETCATALOG_COMPILER_APPICON_NAME = AppIcon;
				ASSETCATALOG_COMPILER_LAUNCHIMAGE_NAME = LaunchImage;
				GCC_PRECOMPILE_PREFIX_HEADER = YES;
				GCC_PREFIX_HEADER = "XctoolReporterTest/XctoolReporterTest-Prefix.pch";
				INFOPLIST_FILE = "XctoolReporterTest/XctoolReporterTest-Info.plist";
				PRODUCT_NAME = "$(TARGET_NAME)";
				WRAPPER_EXTENSION = app;
			};
			name = Debug;
		};
		443A9C8618FB0DBD00473F63 /* Release */ = {
			isa = XCBuildConfiguration;
			buildSettings = {
				ASSETCATALOG_COMPILER_APPICON_NAME = AppIcon;
				ASSETCATALOG_COMPILER_LAUNCHIMAGE_NAME = LaunchImage;
				GCC_PRECOMPILE_PREFIX_HEADER = YES;
				GCC_PREFIX_HEADER = "XctoolReporterTest/XctoolReporterTest-Prefix.pch";
				INFOPLIST_FILE = "XctoolReporterTest/XctoolReporterTest-Info.plist";
				PRODUCT_NAME = "$(TARGET_NAME)";
				WRAPPER_EXTENSION = app;
			};
			name = Release;
		};
		443A9C8818FB0DBD00473F63 /* Debug */ = {
			isa = XCBuildConfiguration;
			buildSettings = {
				BUNDLE_LOADER = "$(BUILT_PRODUCTS_DIR)/XctoolReporterTest.app/XctoolReporterTest";
				FRAMEWORK_SEARCH_PATHS = (
					"$(SDKROOT)/Developer/Library/Frameworks",
					"$(inherited)",
					"$(DEVELOPER_FRAMEWORKS_DIR)",
				);
				GCC_PRECOMPILE_PREFIX_HEADER = YES;
				GCC_PREFIX_HEADER = "XctoolReporterTest/XctoolReporterTest-Prefix.pch";
				GCC_PREPROCESSOR_DEFINITIONS = (
					"DEBUG=1",
					"$(inherited)",
				);
				INFOPLIST_FILE = "XctoolReporterTestTests/XctoolReporterTestTests-Info.plist";
				PRODUCT_NAME = "$(TARGET_NAME)";
				TEST_HOST = "$(BUNDLE_LOADER)";
				WRAPPER_EXTENSION = xctest;
			};
			name = Debug;
		};
		443A9C8918FB0DBD00473F63 /* Release */ = {
			isa = XCBuildConfiguration;
			buildSettings = {
				BUNDLE_LOADER = "$(BUILT_PRODUCTS_DIR)/XctoolReporterTest.app/XctoolReporterTest";
				FRAMEWORK_SEARCH_PATHS = (
					"$(SDKROOT)/Developer/Library/Frameworks",
					"$(inherited)",
					"$(DEVELOPER_FRAMEWORKS_DIR)",
				);
				GCC_PRECOMPILE_PREFIX_HEADER = YES;
				GCC_PREFIX_HEADER = "XctoolReporterTest/XctoolReporterTest-Prefix.pch";
				INFOPLIST_FILE = "XctoolReporterTestTests/XctoolReporterTestTests-Info.plist";
				PRODUCT_NAME = "$(TARGET_NAME)";
				TEST_HOST = "$(BUNDLE_LOADER)";
				WRAPPER_EXTENSION = xctest;
			};
			name = Release;
		};
/* End XCBuildConfiguration section */

/* Begin XCConfigurationList section */
		443A9C5318FB0DBD00473F63 /* Build configuration list for PBXProject "XctoolReporterTest" */ = {
			isa = XCConfigurationList;
			buildConfigurations = (
				443A9C8218FB0DBD00473F63 /* Debug */,
				443A9C8318FB0DBD00473F63 /* Release */,
			);
			defaultConfigurationIsVisible = 0;
			defaultConfigurationName = Release;
		};
		443A9C8418FB0DBD00473F63 /* Build configuration list for PBXNativeTarget "XctoolReporterTest" */ = {
			isa = XCConfigurationList;
			buildConfigurations = (
				443A9C8518FB0DBD00473F63 /* Debug */,
				443A9C8618FB0DBD00473F63 /* Release */,
			);
			defaultConfigurationIsVisible = 0;
		};
		443A9C8718FB0DBD00473F63 /* Build configuration list for PBXNativeTarget "XctoolReporterTestTests" */ = {
			isa = XCConfigurationList;
			buildConfigurations = (
				443A9C8818FB0DBD00473F63 /* Debug */,
				443A9C8918FB0DBD00473F63 /* Release */,
			);
			defaultConfigurationIsVisible = 0;
		};
/* End XCConfigurationList section */
	};
	rootObject = 443A9C5018FB0DBD00473F63 /* Project object */;
}
